// !$*UTF8*$!
{
	archiveVersion = 1;
	classes = {
	};
	objectVersion = 52;
	objects = {

/* Begin PBXBuildFile section */
		7651958E2819525F000B37B5 /* CGRPCZlib in Frameworks */ = {isa = PBXBuildFile; productRef = 7651958D2819525F000B37B5 /* CGRPCZlib */; };
		765195902819525F000B37B5 /* GRPC in Frameworks */ = {isa = PBXBuildFile; productRef = 7651958F2819525F000B37B5 /* GRPC */; };
		765195922819525F000B37B5 /* Echo in Frameworks */ = {isa = PBXBuildFile; productRef = 765195912819525F000B37B5 /* Echo */; };
		765195942819525F000B37B5 /* GRPCConnectionBackoffInteropTest in Frameworks */ = {isa = PBXBuildFile; productRef = 765195932819525F000B37B5 /* GRPCConnectionBackoffInteropTest */; };
		765195962819525F000B37B5 /* GRPCInteroperabilityTests in Frameworks */ = {isa = PBXBuildFile; productRef = 765195952819525F000B37B5 /* GRPCInteroperabilityTests */; };
		765195982819525F000B37B5 /* GRPCPerformanceTests in Frameworks */ = {isa = PBXBuildFile; productRef = 765195972819525F000B37B5 /* GRPCPerformanceTests */; };
		7651959A2819525F000B37B5 /* HelloWorldClient in Frameworks */ = {isa = PBXBuildFile; productRef = 765195992819525F000B37B5 /* HelloWorldClient */; };
		7651959C2819525F000B37B5 /* HelloWorldServer in Frameworks */ = {isa = PBXBuildFile; productRef = 7651959B2819525F000B37B5 /* HelloWorldServer */; };
		7651959E2819525F000B37B5 /* PacketCapture in Frameworks */ = {isa = PBXBuildFile; productRef = 7651959D2819525F000B37B5 /* PacketCapture */; };
		765195A02819525F000B37B5 /* RouteGuideClient in Frameworks */ = {isa = PBXBuildFile; productRef = 7651959F2819525F000B37B5 /* RouteGuideClient */; };
		765195A22819525F000B37B5 /* RouteGuideServer in Frameworks */ = {isa = PBXBuildFile; productRef = 765195A12819525F000B37B5 /* RouteGuideServer */; };
		765195A42819525F000B37B5 /* protoc-gen-grpc-swift in Frameworks */ = {isa = PBXBuildFile; productRef = 765195A32819525F000B37B5 /* protoc-gen-grpc-swift */; };
		765195A72819545F000B37B5 /* NIOHTTP2 in Frameworks */ = {isa = PBXBuildFile; productRef = 765195A62819545F000B37B5 /* NIOHTTP2 */; };
		76ED54DA28193A7700BE8BBC /* SwiftProtobuf in Frameworks */ = {isa = PBXBuildFile; productRef = 76ED54D928193A7700BE8BBC /* SwiftProtobuf */; };
		76ED54DC28193A7700BE8BBC /* SwiftProtobufPluginLibrary in Frameworks */ = {isa = PBXBuildFile; productRef = 76ED54DB28193A7700BE8BBC /* SwiftProtobufPluginLibrary */; };
		76ED54DE28193A7700BE8BBC /* protoc-gen-swift in Frameworks */ = {isa = PBXBuildFile; productRef = 76ED54DD28193A7700BE8BBC /* protoc-gen-swift */; };
		76ED54E128193B6000BE8BBC /* NIO in Frameworks */ = {isa = PBXBuildFile; productRef = 76ED54E028193B6000BE8BBC /* NIO */; };
		76ED54E328193B6000BE8BBC /* NIOConcurrencyHelpers in Frameworks */ = {isa = PBXBuildFile; productRef = 76ED54E228193B6000BE8BBC /* NIOConcurrencyHelpers */; };
		76ED54E528193B6000BE8BBC /* NIOCore in Frameworks */ = {isa = PBXBuildFile; productRef = 76ED54E428193B6000BE8BBC /* NIOCore */; };
		76ED54E728193B6000BE8BBC /* NIOEmbedded in Frameworks */ = {isa = PBXBuildFile; productRef = 76ED54E628193B6000BE8BBC /* NIOEmbedded */; };
		76ED54E928193B6000BE8BBC /* NIOFoundationCompat in Frameworks */ = {isa = PBXBuildFile; productRef = 76ED54E828193B6000BE8BBC /* NIOFoundationCompat */; };
		76ED54EB28193B6000BE8BBC /* NIOHTTP1 in Frameworks */ = {isa = PBXBuildFile; productRef = 76ED54EA28193B6000BE8BBC /* NIOHTTP1 */; };
		76ED54ED28193B6000BE8BBC /* NIOPosix in Frameworks */ = {isa = PBXBuildFile; productRef = 76ED54EC28193B6000BE8BBC /* NIOPosix */; };
		76ED54EF28193B6000BE8BBC /* NIOTLS in Frameworks */ = {isa = PBXBuildFile; productRef = 76ED54EE28193B6000BE8BBC /* NIOTLS */; };
		76ED54F128193B6000BE8BBC /* NIOTestUtils in Frameworks */ = {isa = PBXBuildFile; productRef = 76ED54F028193B6000BE8BBC /* NIOTestUtils */; };
		76ED54F328193B6000BE8BBC /* NIOWebSocket in Frameworks */ = {isa = PBXBuildFile; productRef = 76ED54F228193B6000BE8BBC /* NIOWebSocket */; };
		76ED54F528193B6000BE8BBC /* _NIOConcurrency in Frameworks */ = {isa = PBXBuildFile; productRef = 76ED54F428193B6000BE8BBC /* _NIOConcurrency */; };
		76ED54F82819445F00BE8BBC /* StreamVoice.pb.swift in Sources */ = {isa = PBXBuildFile; fileRef = 76ED54F62819445E00BE8BBC /* StreamVoice.pb.swift */; };
		76ED54F92819445F00BE8BBC /* StreamVoice.grpc.swift in Sources */ = {isa = PBXBuildFile; fileRef = 76ED54F72819445E00BE8BBC /* StreamVoice.grpc.swift */; };
		76ED54FE28194A4C00BE8BBC /* GRPC in Frameworks */ = {isa = PBXBuildFile; productRef = 76ED54FD28194A4C00BE8BBC /* GRPC */; };
		76ED550028194A7400BE8BBC /* CGRPCZlib in Frameworks */ = {isa = PBXBuildFile; productRef = 76ED54FF28194A7400BE8BBC /* CGRPCZlib */; };
		F4FF95D7245B92E800C19C63 /* GrpcClient.swift in Sources */ = {isa = PBXBuildFile; fileRef = F4FF95D6245B92E800C19C63 /* GrpcClient.swift */; };
/* End PBXBuildFile section */

/* Begin PBXCopyFilesBuildPhase section */
		58B511D91A9E6C8500147676 /* CopyFiles */ = {
			isa = PBXCopyFilesBuildPhase;
			buildActionMask = 2147483647;
			dstPath = "include/$(PRODUCT_NAME)";
			dstSubfolderSpec = 16;
			files = (
			);
			runOnlyForDeploymentPostprocessing = 0;
		};
/* End PBXCopyFilesBuildPhase section */

/* Begin PBXFileReference section */
		134814201AA4EA6300B7C361 /* libGrpcClient.a */ = {isa = PBXFileReference; explicitFileType = archive.ar; includeInIndex = 0; path = libGrpcClient.a; sourceTree = BUILT_PRODUCTS_DIR; };
		76ED54F62819445E00BE8BBC /* StreamVoice.pb.swift */ = {isa = PBXFileReference; fileEncoding = 4; lastKnownFileType = sourcecode.swift; path = StreamVoice.pb.swift; sourceTree = "<group>"; };
		76ED54F72819445E00BE8BBC /* StreamVoice.grpc.swift */ = {isa = PBXFileReference; fileEncoding = 4; lastKnownFileType = sourcecode.swift; path = StreamVoice.grpc.swift; sourceTree = "<group>"; };
		76ED54FB28194A0F00BE8BBC /* grpc-swift */ = {isa = PBXFileReference; lastKnownFileType = folder; name = "grpc-swift"; path = "../../grpc-swift"; sourceTree = "<group>"; };
		B3E7B5891CC2AC0600A0062D /* GrpcClient.m */ = {isa = PBXFileReference; fileEncoding = 4; lastKnownFileType = sourcecode.c.objc; path = GrpcClient.m; sourceTree = "<group>"; };
		F4FF95D5245B92E700C19C63 /* GrpcClient-Bridging-Header.h */ = {isa = PBXFileReference; lastKnownFileType = sourcecode.c.h; path = "GrpcClient-Bridging-Header.h"; sourceTree = "<group>"; };
		F4FF95D6245B92E800C19C63 /* GrpcClient.swift */ = {isa = PBXFileReference; lastKnownFileType = sourcecode.swift; path = GrpcClient.swift; sourceTree = "<group>"; };
/* End PBXFileReference section */

/* Begin PBXFrameworksBuildPhase section */
		58B511D81A9E6C8500147676 /* Frameworks */ = {
			isa = PBXFrameworksBuildPhase;
			buildActionMask = 2147483647;
			files = (
				76ED54E528193B6000BE8BBC /* NIOCore in Frameworks */,
				765195962819525F000B37B5 /* GRPCInteroperabilityTests in Frameworks */,
				7651959A2819525F000B37B5 /* HelloWorldClient in Frameworks */,
				76ED54DC28193A7700BE8BBC /* SwiftProtobufPluginLibrary in Frameworks */,
				765195982819525F000B37B5 /* GRPCPerformanceTests in Frameworks */,
				765195942819525F000B37B5 /* GRPCConnectionBackoffInteropTest in Frameworks */,
				765195902819525F000B37B5 /* GRPC in Frameworks */,
				76ED54F328193B6000BE8BBC /* NIOWebSocket in Frameworks */,
				76ED54E728193B6000BE8BBC /* NIOEmbedded in Frameworks */,
				76ED54E128193B6000BE8BBC /* NIO in Frameworks */,
				765195A02819525F000B37B5 /* RouteGuideClient in Frameworks */,
				76ED54E928193B6000BE8BBC /* NIOFoundationCompat in Frameworks */,
				7651959C2819525F000B37B5 /* HelloWorldServer in Frameworks */,
				76ED54ED28193B6000BE8BBC /* NIOPosix in Frameworks */,
				765195A42819525F000B37B5 /* protoc-gen-grpc-swift in Frameworks */,
				76ED54DA28193A7700BE8BBC /* SwiftProtobuf in Frameworks */,
				76ED54EB28193B6000BE8BBC /* NIOHTTP1 in Frameworks */,
				765195A22819525F000B37B5 /* RouteGuideServer in Frameworks */,
				76ED550028194A7400BE8BBC /* CGRPCZlib in Frameworks */,
				765195922819525F000B37B5 /* Echo in Frameworks */,
				76ED54EF28193B6000BE8BBC /* NIOTLS in Frameworks */,
				76ED54DE28193A7700BE8BBC /* protoc-gen-swift in Frameworks */,
				765195A72819545F000B37B5 /* NIOHTTP2 in Frameworks */,
				76ED54FE28194A4C00BE8BBC /* GRPC in Frameworks */,
				76ED54E328193B6000BE8BBC /* NIOConcurrencyHelpers in Frameworks */,
				7651958E2819525F000B37B5 /* CGRPCZlib in Frameworks */,
				7651959E2819525F000B37B5 /* PacketCapture in Frameworks */,
				76ED54F128193B6000BE8BBC /* NIOTestUtils in Frameworks */,
				76ED54F528193B6000BE8BBC /* _NIOConcurrency in Frameworks */,
			);
			runOnlyForDeploymentPostprocessing = 0;
		};
/* End PBXFrameworksBuildPhase section */

/* Begin PBXGroup section */
		134814211AA4EA7D00B7C361 /* Products */ = {
			isa = PBXGroup;
			children = (
				134814201AA4EA6300B7C361 /* libGrpcClient.a */,
			);
			name = Products;
			sourceTree = "<group>";
		};
		58B511D21A9E6C8500147676 = {
			isa = PBXGroup;
			children = (
				76ED54FA28194A0F00BE8BBC /* Packages */,
				76ED54F72819445E00BE8BBC /* StreamVoice.grpc.swift */,
				76ED54F62819445E00BE8BBC /* StreamVoice.pb.swift */,
				F4FF95D6245B92E800C19C63 /* GrpcClient.swift */,
				B3E7B5891CC2AC0600A0062D /* GrpcClient.m */,
				F4FF95D5245B92E700C19C63 /* GrpcClient-Bridging-Header.h */,
				134814211AA4EA7D00B7C361 /* Products */,
				76ED54FC28194A4C00BE8BBC /* Frameworks */,
			);
			sourceTree = "<group>";
		};
		76ED54FA28194A0F00BE8BBC /* Packages */ = {
			isa = PBXGroup;
			children = (
				76ED54FB28194A0F00BE8BBC /* grpc-swift */,
			);
			name = Packages;
			sourceTree = "<group>";
		};
		76ED54FC28194A4C00BE8BBC /* Frameworks */ = {
			isa = PBXGroup;
			children = (
			);
			name = Frameworks;
			sourceTree = "<group>";
		};
/* End PBXGroup section */

/* Begin PBXNativeTarget section */
		58B511DA1A9E6C8500147676 /* GrpcClient */ = {
			isa = PBXNativeTarget;
			buildConfigurationList = 58B511EF1A9E6C8500147676 /* Build configuration list for PBXNativeTarget "GrpcClient" */;
			buildPhases = (
				58B511D71A9E6C8500147676 /* Sources */,
				58B511D81A9E6C8500147676 /* Frameworks */,
				58B511D91A9E6C8500147676 /* CopyFiles */,
			);
			buildRules = (
			);
			dependencies = (
			);
			name = GrpcClient;
			packageProductDependencies = (
				76ED54D928193A7700BE8BBC /* SwiftProtobuf */,
				76ED54DB28193A7700BE8BBC /* SwiftProtobufPluginLibrary */,
				76ED54DD28193A7700BE8BBC /* protoc-gen-swift */,
				76ED54E028193B6000BE8BBC /* NIO */,
				76ED54E228193B6000BE8BBC /* NIOConcurrencyHelpers */,
				76ED54E428193B6000BE8BBC /* NIOCore */,
				76ED54E628193B6000BE8BBC /* NIOEmbedded */,
				76ED54E828193B6000BE8BBC /* NIOFoundationCompat */,
				76ED54EA28193B6000BE8BBC /* NIOHTTP1 */,
				76ED54EC28193B6000BE8BBC /* NIOPosix */,
				76ED54EE28193B6000BE8BBC /* NIOTLS */,
				76ED54F028193B6000BE8BBC /* NIOTestUtils */,
				76ED54F228193B6000BE8BBC /* NIOWebSocket */,
				76ED54F428193B6000BE8BBC /* _NIOConcurrency */,
				76ED54FD28194A4C00BE8BBC /* GRPC */,
				76ED54FF28194A7400BE8BBC /* CGRPCZlib */,
				7651958D2819525F000B37B5 /* CGRPCZlib */,
				7651958F2819525F000B37B5 /* GRPC */,
				765195912819525F000B37B5 /* Echo */,
				765195932819525F000B37B5 /* GRPCConnectionBackoffInteropTest */,
				765195952819525F000B37B5 /* GRPCInteroperabilityTests */,
				765195972819525F000B37B5 /* GRPCPerformanceTests */,
				765195992819525F000B37B5 /* HelloWorldClient */,
				7651959B2819525F000B37B5 /* HelloWorldServer */,
				7651959D2819525F000B37B5 /* PacketCapture */,
				7651959F2819525F000B37B5 /* RouteGuideClient */,
				765195A12819525F000B37B5 /* RouteGuideServer */,
				765195A32819525F000B37B5 /* protoc-gen-grpc-swift */,
				765195A62819545F000B37B5 /* NIOHTTP2 */,
			);
			productName = RCTDataManager;
			productReference = 134814201AA4EA6300B7C361 /* libGrpcClient.a */;
			productType = "com.apple.product-type.library.static";
		};
/* End PBXNativeTarget section */

/* Begin PBXProject section */
		58B511D31A9E6C8500147676 /* Project object */ = {
			isa = PBXProject;
			attributes = {
				LastUpgradeCheck = 0920;
				ORGANIZATIONNAME = Facebook;
				TargetAttributes = {
					58B511DA1A9E6C8500147676 = {
						CreatedOnToolsVersion = 6.1.1;
					};
				};
			};
			buildConfigurationList = 58B511D61A9E6C8500147676 /* Build configuration list for PBXProject "GrpcClient" */;
			compatibilityVersion = "Xcode 3.2";
			developmentRegion = English;
			hasScannedForEncodings = 0;
			knownRegions = (
				English,
				en,
			);
			mainGroup = 58B511D21A9E6C8500147676;
			packageReferences = (
				76ED54D828193A7700BE8BBC /* XCRemoteSwiftPackageReference "swift-protobuf" */,
				76ED54DF28193B6000BE8BBC /* XCRemoteSwiftPackageReference "swift-nio" */,
				7651958C2819525F000B37B5 /* XCRemoteSwiftPackageReference "grpc-swift" */,
				765195A52819545F000B37B5 /* XCRemoteSwiftPackageReference "swift-nio-http2" */,
			);
			productRefGroup = 58B511D21A9E6C8500147676;
			projectDirPath = "";
			projectRoot = "";
			targets = (
				58B511DA1A9E6C8500147676 /* GrpcClient */,
			);
		};
/* End PBXProject section */

/* Begin PBXSourcesBuildPhase section */
		58B511D71A9E6C8500147676 /* Sources */ = {
			isa = PBXSourcesBuildPhase;
			buildActionMask = 2147483647;
			files = (
				F4FF95D7245B92E800C19C63 /* GrpcClient.swift in Sources */,
				76ED54F82819445F00BE8BBC /* StreamVoice.pb.swift in Sources */,
				76ED54F92819445F00BE8BBC /* StreamVoice.grpc.swift in Sources */,
			);
			runOnlyForDeploymentPostprocessing = 0;
		};
/* End PBXSourcesBuildPhase section */

/* Begin XCBuildConfiguration section */
		58B511ED1A9E6C8500147676 /* Debug */ = {
			isa = XCBuildConfiguration;
			buildSettings = {
				ALWAYS_SEARCH_USER_PATHS = NO;
				CLANG_CXX_LANGUAGE_STANDARD = "gnu++0x";
				CLANG_CXX_LIBRARY = "libc++";
				CLANG_ENABLE_MODULES = YES;
				CLANG_ENABLE_OBJC_ARC = YES;
				CLANG_WARN_BLOCK_CAPTURE_AUTORELEASING = YES;
				CLANG_WARN_BOOL_CONVERSION = YES;
				CLANG_WARN_COMMA = YES;
				CLANG_WARN_CONSTANT_CONVERSION = YES;
				CLANG_WARN_DIRECT_OBJC_ISA_USAGE = YES_ERROR;
				CLANG_WARN_EMPTY_BODY = YES;
				CLANG_WARN_ENUM_CONVERSION = YES;
				CLANG_WARN_INFINITE_RECURSION = YES;
				CLANG_WARN_INT_CONVERSION = YES;
				CLANG_WARN_NON_LITERAL_NULL_CONVERSION = YES;
				CLANG_WARN_OBJC_LITERAL_CONVERSION = YES;
				CLANG_WARN_OBJC_ROOT_CLASS = YES_ERROR;
				CLANG_WARN_RANGE_LOOP_ANALYSIS = YES;
				CLANG_WARN_STRICT_PROTOTYPES = YES;
				CLANG_WARN_SUSPICIOUS_MOVE = YES;
				CLANG_WARN_UNREACHABLE_CODE = YES;
				CLANG_WARN__DUPLICATE_METHOD_MATCH = YES;
				COPY_PHASE_STRIP = NO;
				ENABLE_STRICT_OBJC_MSGSEND = YES;
				ENABLE_TESTABILITY = YES;
				GCC_C_LANGUAGE_STANDARD = gnu99;
				GCC_DYNAMIC_NO_PIC = NO;
				GCC_NO_COMMON_BLOCKS = YES;
				GCC_OPTIMIZATION_LEVEL = 0;
				GCC_PREPROCESSOR_DEFINITIONS = (
					"DEBUG=1",
					"$(inherited)",
				);
				GCC_SYMBOLS_PRIVATE_EXTERN = NO;
				GCC_WARN_64_TO_32_BIT_CONVERSION = YES;
				GCC_WARN_ABOUT_RETURN_TYPE = YES_ERROR;
				GCC_WARN_UNDECLARED_SELECTOR = YES;
				GCC_WARN_UNINITIALIZED_AUTOS = YES_AGGRESSIVE;
				GCC_WARN_UNUSED_FUNCTION = YES;
				GCC_WARN_UNUSED_VARIABLE = YES;
				IPHONEOS_DEPLOYMENT_TARGET = 8.0;
				MTL_ENABLE_DEBUG_INFO = YES;
				ONLY_ACTIVE_ARCH = YES;
				SDKROOT = iphoneos;
			};
			name = Debug;
		};
		58B511EE1A9E6C8500147676 /* Release */ = {
			isa = XCBuildConfiguration;
			buildSettings = {
				ALWAYS_SEARCH_USER_PATHS = NO;
				CLANG_CXX_LANGUAGE_STANDARD = "gnu++0x";
				CLANG_CXX_LIBRARY = "libc++";
				CLANG_ENABLE_MODULES = YES;
				CLANG_ENABLE_OBJC_ARC = YES;
				CLANG_WARN_BLOCK_CAPTURE_AUTORELEASING = YES;
				CLANG_WARN_BOOL_CONVERSION = YES;
				CLANG_WARN_COMMA = YES;
				CLANG_WARN_CONSTANT_CONVERSION = YES;
				CLANG_WARN_DIRECT_OBJC_ISA_USAGE = YES_ERROR;
				CLANG_WARN_EMPTY_BODY = YES;
				CLANG_WARN_ENUM_CONVERSION = YES;
				CLANG_WARN_INFINITE_RECURSION = YES;
				CLANG_WARN_INT_CONVERSION = YES;
				CLANG_WARN_NON_LITERAL_NULL_CONVERSION = YES;
				CLANG_WARN_OBJC_LITERAL_CONVERSION = YES;
				CLANG_WARN_OBJC_ROOT_CLASS = YES_ERROR;
				CLANG_WARN_RANGE_LOOP_ANALYSIS = YES;
				CLANG_WARN_STRICT_PROTOTYPES = YES;
				CLANG_WARN_SUSPICIOUS_MOVE = YES;
				CLANG_WARN_UNREACHABLE_CODE = YES;
				CLANG_WARN__DUPLICATE_METHOD_MATCH = YES;
				COPY_PHASE_STRIP = YES;
				ENABLE_NS_ASSERTIONS = NO;
				ENABLE_STRICT_OBJC_MSGSEND = YES;
				GCC_C_LANGUAGE_STANDARD = gnu99;
				GCC_NO_COMMON_BLOCKS = YES;
				GCC_WARN_64_TO_32_BIT_CONVERSION = YES;
				GCC_WARN_ABOUT_RETURN_TYPE = YES_ERROR;
				GCC_WARN_UNDECLARED_SELECTOR = YES;
				GCC_WARN_UNINITIALIZED_AUTOS = YES_AGGRESSIVE;
				GCC_WARN_UNUSED_FUNCTION = YES;
				GCC_WARN_UNUSED_VARIABLE = YES;
				IPHONEOS_DEPLOYMENT_TARGET = 8.0;
				MTL_ENABLE_DEBUG_INFO = NO;
				SDKROOT = iphoneos;
				VALIDATE_PRODUCT = YES;
			};
			name = Release;
		};
		58B511F01A9E6C8500147676 /* Debug */ = {
			isa = XCBuildConfiguration;
			buildSettings = {
				HEADER_SEARCH_PATHS = (
					"$(inherited)",
					/Applications/Xcode.app/Contents/Developer/Toolchains/XcodeDefault.xctoolchain/usr/include,
					"$(SRCROOT)/../../../React/**",
					"$(SRCROOT)/../../react-native/React/**",
				);
				LIBRARY_SEARCH_PATHS = "$(inherited)";
				OTHER_LDFLAGS = "-ObjC";
				PRODUCT_NAME = GrpcClient;
				SKIP_INSTALL = YES;
				SWIFT_OBJC_BRIDGING_HEADER = "GrpcClient-Bridging-Header.h";
				SWIFT_OPTIMIZATION_LEVEL = "-Onone";
				SWIFT_VERSION = 5.0;
			};
			name = Debug;
		};
		58B511F11A9E6C8500147676 /* Release */ = {
			isa = XCBuildConfiguration;
			buildSettings = {
				HEADER_SEARCH_PATHS = (
					"$(inherited)",
					/Applications/Xcode.app/Contents/Developer/Toolchains/XcodeDefault.xctoolchain/usr/include,
					"$(SRCROOT)/../../../React/**",
					"$(SRCROOT)/../../react-native/React/**",
				);
				LIBRARY_SEARCH_PATHS = "$(inherited)";
				OTHER_LDFLAGS = "-ObjC";
				PRODUCT_NAME = GrpcClient;
				SKIP_INSTALL = YES;
				SWIFT_OBJC_BRIDGING_HEADER = "GrpcClient-Bridging-Header.h";
				SWIFT_VERSION = 5.0;
			};
			name = Release;
		};
/* End XCBuildConfiguration section */

/* Begin XCConfigurationList section */
		58B511D61A9E6C8500147676 /* Build configuration list for PBXProject "GrpcClient" */ = {
			isa = XCConfigurationList;
			buildConfigurations = (
				58B511ED1A9E6C8500147676 /* Debug */,
				58B511EE1A9E6C8500147676 /* Release */,
			);
			defaultConfigurationIsVisible = 0;
			defaultConfigurationName = Release;
		};
		58B511EF1A9E6C8500147676 /* Build configuration list for PBXNativeTarget "GrpcClient" */ = {
			isa = XCConfigurationList;
			buildConfigurations = (
				58B511F01A9E6C8500147676 /* Debug */,
				58B511F11A9E6C8500147676 /* Release */,
			);
			defaultConfigurationIsVisible = 0;
			defaultConfigurationName = Release;
		};
/* End XCConfigurationList section */

/* Begin XCRemoteSwiftPackageReference section */
		7651958C2819525F000B37B5 /* XCRemoteSwiftPackageReference "grpc-swift" */ = {
			isa = XCRemoteSwiftPackageReference;
			repositoryURL = "https://github.com/grpc/grpc-swift";
			requirement = {
				kind = upToNextMajorVersion;
				minimumVersion = 1.0.0;
			};
		};
		765195A52819545F000B37B5 /* XCRemoteSwiftPackageReference "swift-nio-http2" */ = {
			isa = XCRemoteSwiftPackageReference;
			repositoryURL = "https://github.com/apple/swift-nio-http2";
			requirement = {
				kind = upToNextMajorVersion;
				minimumVersion = 1.0.0;
			};
		};
		76ED54D828193A7700BE8BBC /* XCRemoteSwiftPackageReference "swift-protobuf" */ = {
			isa = XCRemoteSwiftPackageReference;
			repositoryURL = "https://github.com/apple/swift-protobuf.git";
			requirement = {
				kind = upToNextMajorVersion;
				minimumVersion = 1.0.0;
			};
		};
		76ED54DF28193B6000BE8BBC /* XCRemoteSwiftPackageReference "swift-nio" */ = {
			isa = XCRemoteSwiftPackageReference;
			repositoryURL = "https://github.com/apple/swift-nio.git";
			requirement = {
				kind = upToNextMajorVersion;
				minimumVersion = 2.0.0;
			};
		};
/* End XCRemoteSwiftPackageReference section */

/* Begin XCSwiftPackageProductDependency section */
		7651958D2819525F000B37B5 /* CGRPCZlib */ = {
			isa = XCSwiftPackageProductDependency;
			package = 7651958C2819525F000B37B5 /* XCRemoteSwiftPackageReference "grpc-swift" */;
			productName = CGRPCZlib;
		};
		7651958F2819525F000B37B5 /* GRPC */ = {
			isa = XCSwiftPackageProductDependency;
			package = 7651958C2819525F000B37B5 /* XCRemoteSwiftPackageReference "grpc-swift" */;
			productName = GRPC;
		};
		765195912819525F000B37B5 /* Echo */ = {
			isa = XCSwiftPackageProductDependency;
			package = 7651958C2819525F000B37B5 /* XCRemoteSwiftPackageReference "grpc-swift" */;
			productName = Echo;
		};
		765195932819525F000B37B5 /* GRPCConnectionBackoffInteropTest */ = {
			isa = XCSwiftPackageProductDependency;
			package = 7651958C2819525F000B37B5 /* XCRemoteSwiftPackageReference "grpc-swift" */;
			productName = GRPCConnectionBackoffInteropTest;
		};
		765195952819525F000B37B5 /* GRPCInteroperabilityTests */ = {
			isa = XCSwiftPackageProductDependency;
			package = 7651958C2819525F000B37B5 /* XCRemoteSwiftPackageReference "grpc-swift" */;
			productName = GRPCInteroperabilityTests;
		};
		765195972819525F000B37B5 /* GRPCPerformanceTests */ = {
			isa = XCSwiftPackageProductDependency;
			package = 7651958C2819525F000B37B5 /* XCRemoteSwiftPackageReference "grpc-swift" */;
			productName = GRPCPerformanceTests;
		};
		765195992819525F000B37B5 /* HelloWorldClient */ = {
			isa = XCSwiftPackageProductDependency;
			package = 7651958C2819525F000B37B5 /* XCRemoteSwiftPackageReference "grpc-swift" */;
			productName = HelloWorldClient;
		};
		7651959B2819525F000B37B5 /* HelloWorldServer */ = {
			isa = XCSwiftPackageProductDependency;
			package = 7651958C2819525F000B37B5 /* XCRemoteSwiftPackageReference "grpc-swift" */;
			productName = HelloWorldServer;
		};
		7651959D2819525F000B37B5 /* PacketCapture */ = {
			isa = XCSwiftPackageProductDependency;
			package = 7651958C2819525F000B37B5 /* XCRemoteSwiftPackageReference "grpc-swift" */;
			productName = PacketCapture;
		};
		7651959F2819525F000B37B5 /* RouteGuideClient */ = {
			isa = XCSwiftPackageProductDependency;
			package = 7651958C2819525F000B37B5 /* XCRemoteSwiftPackageReference "grpc-swift" */;
			productName = RouteGuideClient;
		};
		765195A12819525F000B37B5 /* RouteGuideServer */ = {
			isa = XCSwiftPackageProductDependency;
			package = 7651958C2819525F000B37B5 /* XCRemoteSwiftPackageReference "grpc-swift" */;
			productName = RouteGuideServer;
		};
		765195A32819525F000B37B5 /* protoc-gen-grpc-swift */ = {
			isa = XCSwiftPackageProductDependency;
			package = 7651958C2819525F000B37B5 /* XCRemoteSwiftPackageReference "grpc-swift" */;
			productName = "protoc-gen-grpc-swift";
		};
		765195A62819545F000B37B5 /* NIOHTTP2 */ = {
			isa = XCSwiftPackageProductDependency;
			package = 765195A52819545F000B37B5 /* XCRemoteSwiftPackageReference "swift-nio-http2" */;
			productName = NIOHTTP2;
		};
		76ED54D928193A7700BE8BBC /* SwiftProtobuf */ = {
			isa = XCSwiftPackageProductDependency;
			package = 76ED54D828193A7700BE8BBC /* XCRemoteSwiftPackageReference "swift-protobuf" */;
			productName = SwiftProtobuf;
		};
		76ED54DB28193A7700BE8BBC /* SwiftProtobufPluginLibrary */ = {
			isa = XCSwiftPackageProductDependency;
			package = 76ED54D828193A7700BE8BBC /* XCRemoteSwiftPackageReference "swift-protobuf" */;
			productName = SwiftProtobufPluginLibrary;
		};
		76ED54DD28193A7700BE8BBC /* protoc-gen-swift */ = {
			isa = XCSwiftPackageProductDependency;
			package = 76ED54D828193A7700BE8BBC /* XCRemoteSwiftPackageReference "swift-protobuf" */;
			productName = "protoc-gen-swift";
		};
		76ED54E028193B6000BE8BBC /* NIO */ = {
			isa = XCSwiftPackageProductDependency;
			package = 76ED54DF28193B6000BE8BBC /* XCRemoteSwiftPackageReference "swift-nio" */;
			productName = NIO;
		};
		76ED54E228193B6000BE8BBC /* NIOConcurrencyHelpers */ = {
			isa = XCSwiftPackageProductDependency;
			package = 76ED54DF28193B6000BE8BBC /* XCRemoteSwiftPackageReference "swift-nio" */;
			productName = NIOConcurrencyHelpers;
		};
		76ED54E428193B6000BE8BBC /* NIOCore */ = {
			isa = XCSwiftPackageProductDependency;
			package = 76ED54DF28193B6000BE8BBC /* XCRemoteSwiftPackageReference "swift-nio" */;
			productName = NIOCore;
		};
		76ED54E628193B6000BE8BBC /* NIOEmbedded */ = {
			isa = XCSwiftPackageProductDependency;
			package = 76ED54DF28193B6000BE8BBC /* XCRemoteSwiftPackageReference "swift-nio" */;
			productName = NIOEmbedded;
		};
		76ED54E828193B6000BE8BBC /* NIOFoundationCompat */ = {
			isa = XCSwiftPackageProductDependency;
			package = 76ED54DF28193B6000BE8BBC /* XCRemoteSwiftPackageReference "swift-nio" */;
			productName = NIOFoundationCompat;
		};
		76ED54EA28193B6000BE8BBC /* NIOHTTP1 */ = {
			isa = XCSwiftPackageProductDependency;
			package = 76ED54DF28193B6000BE8BBC /* XCRemoteSwiftPackageReference "swift-nio" */;
			productName = NIOHTTP1;
		};
		76ED54EC28193B6000BE8BBC /* NIOPosix */ = {
			isa = XCSwiftPackageProductDependency;
			package = 76ED54DF28193B6000BE8BBC /* XCRemoteSwiftPackageReference "swift-nio" */;
			productName = NIOPosix;
		};
		76ED54EE28193B6000BE8BBC /* NIOTLS */ = {
			isa = XCSwiftPackageProductDependency;
			package = 76ED54DF28193B6000BE8BBC /* XCRemoteSwiftPackageReference "swift-nio" */;
			productName = NIOTLS;
		};
		76ED54F028193B6000BE8BBC /* NIOTestUtils */ = {
			isa = XCSwiftPackageProductDependency;
			package = 76ED54DF28193B6000BE8BBC /* XCRemoteSwiftPackageReference "swift-nio" */;
			productName = NIOTestUtils;
		};
		76ED54F228193B6000BE8BBC /* NIOWebSocket */ = {
			isa = XCSwiftPackageProductDependency;
			package = 76ED54DF28193B6000BE8BBC /* XCRemoteSwiftPackageReference "swift-nio" */;
			productName = NIOWebSocket;
		};
		76ED54F428193B6000BE8BBC /* _NIOConcurrency */ = {
			isa = XCSwiftPackageProductDependency;
			package = 76ED54DF28193B6000BE8BBC /* XCRemoteSwiftPackageReference "swift-nio" */;
			productName = _NIOConcurrency;
		};
		76ED54FD28194A4C00BE8BBC /* GRPC */ = {
			isa = XCSwiftPackageProductDependency;
			productName = GRPC;
		};
		76ED54FF28194A7400BE8BBC /* CGRPCZlib */ = {
			isa = XCSwiftPackageProductDependency;
			productName = CGRPCZlib;
		};
/* End XCSwiftPackageProductDependency section */
	};
	rootObject = 58B511D31A9E6C8500147676 /* Project object */;
}
